
Microsoft Visual Studio Solution File, Format Version 12.00
# Visual Studio Version 16
VisualStudioVersion = 16.0.30621.155
MinimumVisualStudioVersion = 10.0.40219.1
Project("{FAE04EC0-301F-11D3-BF4B-00C04F79EFBC}") = "Video2Gba", "Video2Gba.csproj", "{FD3B3F41-A0CB-4D1A-ABD5-0989070086D3}"
EndProject
Project("{8BC9CEB8-8B4A-11D0-8D11-00A0C91BC942}") = "Bin2o", "..\Bin2o\Bin2o.vcxproj", "{0058371F-C4D0-49C4-9FF6-F05844AAC588}"
EndProject
Project("{FAE04EC0-301F-11D3-BF4B-00C04F79EFBC}") = "DSDecmp", "..\DSDecmp\DSDecmp.csproj", "{E6F419F9-D6B5-4BE7-99BB-97C48C927FF3}"
EndProject
Global
	GlobalSection(SolutionConfigurationPlatforms) = preSolution
		Debug|Any CPU = Debug|Any CPU
		Debug|x64 = Debug|x64
		Debug|x86 = Debug|x86
		Release|Any CPU = Release|Any CPU
		Release|x64 = Release|x64
		Release|x86 = Release|x86
	EndGlobalSection
	GlobalSection(ProjectConfigurationPlatforms) = postSolution
		{FD3B3F41-A0CB-4D1A-ABD5-0989070086D3}.Debug|Any CPU.ActiveCfg = Debug|Any CPU
		{FD3B3F41-A0CB-4D1A-ABD5-0989070086D3}.Debug|Any CPU.Build.0 = Debug|Any CPU
		{FD3B3F41-A0CB-4D1A-ABD5-0989070086D3}.Debug|x64.ActiveCfg = Debug|Any CPU
		{FD3B3F41-A0CB-4D1A-ABD5-0989070086D3}.Debug|x64.Build.0 = Debug|Any CPU
		{FD3B3F41-A0CB-4D1A-ABD5-0989070086D3}.Debug|x86.ActiveCfg = Debug|Any CPU
		{FD3B3F41-A0CB-4D1A-ABD5-0989070086D3}.Debug|x86.Build.0 = Debug|Any CPU
		{FD3B3F41-A0CB-4D1A-ABD5-0989070086D3}.Release|Any CPU.ActiveCfg = Release|Any CPU
		{FD3B3F41-A0CB-4D1A-ABD5-0989070086D3}.Release|Any CPU.Build.0 = Release|Any CPU
		{FD3B3F41-A0CB-4D1A-ABD5-0989070086D3}.Release|x64.ActiveCfg = Release|Any CPU
		{FD3B3F41-A0CB-4D1A-ABD5-0989070086D3}.Release|x64.Build.0 = Release|Any CPU
		{FD3B3F41-A0CB-4D1A-ABD5-0989070086D3}.Release|x86.ActiveCfg = Release|Any CPU
		{FD3B3F41-A0CB-4D1A-ABD5-0989070086D3}.Release|x86.Build.0 = Release|Any CPU
		{0058371F-C4D0-49C4-9FF6-F05844AAC588}.Debug|Any CPU.ActiveCfg = Debug|Win32
		{0058371F-C4D0-49C4-9FF6-F05844AAC588}.Debug|x64.ActiveCfg = Debug|x64
		{0058371F-C4D0-49C4-9FF6-F05844AAC588}.Debug|x64.Build.0 = Debug|x64
		{0058371F-C4D0-49C4-9FF6-F05844AAC588}.Debug|x86.ActiveCfg = Debug|Win32
		{0058371F-C4D0-49C4-9FF6-F05844AAC588}.Debug|x86.Build.0 = Debug|Win32
		{0058371F-C4D0-49C4-9FF6-F05844AAC588}.Release|Any CPU.ActiveCfg = Release|Win32
		{0058371F-C4D0-49C4-9FF6-F05844AAC588}.Release|x64.ActiveCfg = Release|x64
		{0058371F-C4D0-49C4-9FF6-F05844AAC588}.Release|x64.Build.0 = Release|x64
		{0058371F-C4D0-49C4-9FF6-F05844AAC588}.Release|x86.ActiveCfg = Release|Win32
		{0058371F-C4D0-49C4-9FF6-F05844AAC588}.Release|x86.Build.0 = Release|Win32
		{E6F419F9-D6B5-4BE7-99BB-97C48C927FF3}.Debug|Any CPU.ActiveCfg = Debug|Any CPU
		{E6F419F9-D6B5-4BE7-99BB-97C48C927FF3}.Debug|Any CPU.Build.0 = Debug|Any CPU
		{E6F419F9-D6B5-4BE7-99BB-97C48C927FF3}.Debug|x64.ActiveCfg = Debug|Any CPU
		{E6F419F9-D6B5-4BE7-99BB-97C48C927FF3}.Debug|x64.Build.0 = Debug|Any CPU
		{E6F419F9-D6B5-4BE7-99BB-97C48C927FF3}.Debug|x86.ActiveCfg = Debug|Any CPU
		{E6F419F9-D6B5-4BE7-99BB-97C48C927FF3}.Debug|x86.Build.0 = Debug|Any CPU
		{E6F419F9-D6B5-4BE7-99BB-97C48C927FF3}.Release|Any CPU.ActiveCfg = Release|Any CPU
		{E6F419F9-D6B5-4BE7-99BB-97C48C927FF3}.Release|Any CPU.Build.0 = Release|Any CPU
		{E6F419F9-D6B5-4BE7-99BB-97C48C927FF3}.Release|x64.ActiveCfg = Release|Any CPU
		{E6F419F9-D6B5-4BE7-99BB-97C48C927FF3}.Release|x64.Build.0 = Release|Any CPU
		{E6F419F9-D6B5-4BE7-99BB-97C48C927FF3}.Release|x86.ActiveCfg = Release|Any CPU
		{E6F419F9-D6B5-4BE7-99BB-97C48C927FF3}.Release|x86.Build.0 = Release|Any CPU
	EndGlobalSection
	GlobalSection(SolutionProperties) = preSolution
		HideSolutionNode = FALSE
	EndGlobalSection
	GlobalSection(ExtensibilityGlobals) = postSolution
		SolutionGuid = {C2670F07-53EF-4F1A-8593-E081412C1316}
	EndGlobalSection
EndGlobal
